
Microsoft Visual Studio Solution File, Format Version 12.00
# Visual Studio Version 17
VisualStudioVersion = 17.12.35707.178
MinimumVisualStudioVersion = 10.0.40219.1
Project("{FAE04EC0-301F-11D3-BF4B-00C04F79EFBC}") = "Ganets.UI", "Ganets.UI\Ganets.UI.csproj", "{6B18267C-C507-4B1F-AF80-DF66B2ACC606}"
EndProject
Project("{FAE04EC0-301F-11D3-BF4B-00C04F79EFBC}") = "Ganets.Domain", "Ganets.Domain\Ganets.Domain.csproj", "{D57796F6-229E-4CC1-B56C-CAFC9BEA541C}"
EndProject
Project("{FAE04EC0-301F-11D3-BF4B-00C04F79EFBC}") = "Ganets.API", "Ganets.API\Ganets.API.csproj", "{9262A8B0-D389-4719-82EA-7DBD3923D380}"
EndProject
Project("{FAE04EC0-301F-11D3-BF4B-00C04F79EFBC}") = "Ganets.Blazor", "Ganets.Blazor\Ganets.Blazor.csproj", "{4EE744CC-1948-4B06-83D9-73CE1B91FD7F}"
EndProject
Global
	GlobalSection(SolutionConfigurationPlatforms) = preSolution
		Debug|Any CPU = Debug|Any CPU
		Release|Any CPU = Release|Any CPU
	EndGlobalSection
	GlobalSection(ProjectConfigurationPlatforms) = postSolution
		{6B18267C-C507-4B1F-AF80-DF66B2ACC606}.Debug|Any CPU.ActiveCfg = Debug|Any CPU
		{6B18267C-C507-4B1F-AF80-DF66B2ACC606}.Debug|Any CPU.Build.0 = Debug|Any CPU
		{6B18267C-C507-4B1F-AF80-DF66B2ACC606}.Release|Any CPU.ActiveCfg = Release|Any CPU
		{6B18267C-C507-4B1F-AF80-DF66B2ACC606}.Release|Any CPU.Build.0 = Release|Any CPU
		{D57796F6-229E-4CC1-B56C-CAFC9BEA541C}.Debug|Any CPU.ActiveCfg = Debug|Any CPU
		{D57796F6-229E-4CC1-B56C-CAFC9BEA541C}.Debug|Any CPU.Build.0 = Debug|Any CPU
		{D57796F6-229E-4CC1-B56C-CAFC9BEA541C}.Release|Any CPU.ActiveCfg = Release|Any CPU
		{D57796F6-229E-4CC1-B56C-CAFC9BEA541C}.Release|Any CPU.Build.0 = Release|Any CPU
		{9262A8B0-D389-4719-82EA-7DBD3923D380}.Debug|Any CPU.ActiveCfg = Debug|Any CPU
		{9262A8B0-D389-4719-82EA-7DBD3923D380}.Debug|Any CPU.Build.0 = Debug|Any CPU
		{9262A8B0-D389-4719-82EA-7DBD3923D380}.Release|Any CPU.ActiveCfg = Release|Any CPU
		{9262A8B0-D389-4719-82EA-7DBD3923D380}.Release|Any CPU.Build.0 = Release|Any CPU
		{4EE744CC-1948-4B06-83D9-73CE1B91FD7F}.Debug|Any CPU.ActiveCfg = Debug|Any CPU
		{4EE744CC-1948-4B06-83D9-73CE1B91FD7F}.Debug|Any CPU.Build.0 = Debug|Any CPU
		{4EE744CC-1948-4B06-83D9-73CE1B91FD7F}.Release|Any CPU.ActiveCfg = Release|Any CPU
		{4EE744CC-1948-4B06-83D9-73CE1B91FD7F}.Release|Any CPU.Build.0 = Release|Any CPU
	EndGlobalSection
	GlobalSection(SolutionProperties) = preSolution
		HideSolutionNode = FALSE
	EndGlobalSection
EndGlobal
